<?xml version="1.0" encoding="utf-8"?>
<Project ToolsVersion="4.0" xmlns="http://schemas.microsoft.com/developer/msbuild/2003">
  <ItemGroup>
    <Filter Include="Quelldateien">
      <UniqueIdentifier>{4FC737F1-C7A5-4376-A066-2A32D752A2FF}</UniqueIdentifier>
      <Extensions>cpp;c;cc;cxx;def;odl;idl;hpj;bat;asm;asmx</Extensions>
    </Filter>
    <Filter Include="Headerdateien">
      <UniqueIdentifier>{93995380-89BD-4b04-88EB-625FBE52EBFB}</UniqueIdentifier>
      <Extensions>h;hh;hpp;hxx;hm;inl;inc;xsd</Extensions>
    </Filter>
    <Filter Include="Ressourcendateien">
      <UniqueIdentifier>{67DA6AB6-F800-4c08-8B7A-83BB121AAD01}</UniqueIdentifier>
      <Extensions>rc;ico;cur;bmp;dlg;rc2;rct;bin;rgs;gif;jpg;jpeg;jpe;resx;tiff;tif;png;wav;mfcribbon-ms</Extensions>
    </Filter>
  </ItemGroup>
  <ItemGroup>
    <ClCompile Include="Main.cpp">
      <Filter>Quelldateien</Filter>
    </ClCompile>
    <ClCompile Include="Quicksort.cpp">
      <Filter>Quelldateien</Filter>
    </ClCompile>
    <ClCompile Include="Bubblesort.cpp">
      <Filter>Quelldateien</Filter>
    </ClCompile>
    <ClCompile Include="Include.cpp">
      <Filter>Quelldateien</Filter>
    </ClCompile>
    <ClCompile Include="DrawGraphics.cpp">
      <Filter>Quelldateien</Filter>
    </ClCompile>
    <ClCompile Include="Insertionsort.cpp">
      <Filter>Quelldateien</Filter>
    </ClCompile>
    <ClCompile Include="Selectionsort.cpp">
      <Filter>Quelldateien</Filter>
    </ClCompile>
    <ClCompile Include="Mergesort.cpp">
      <Filter>Quelldateien</Filter>
    </ClCompile>
    <ClCompile Include="Bogosort.cpp">
      <Filter>Quelldateien</Filter>
    </ClCompile>
    <ClCompile Include="Mountainsort.cpp">
      <Filter>Quelldateien</Filter>
    </ClCompile>
    <ClCompile Include="CrossXSort.cpp">
      <Filter>Quelldateien</Filter>
    </ClCompile>
  </ItemGroup>
  <ItemGroup>
    <ClInclude Include="Quicksort.h">
      <Filter>Headerdateien</Filter>
    </ClInclude>
    <ClInclude Include="Bubblesort.h">
      <Filter>Headerdateien</Filter>
    </ClInclude>
    <ClInclude Include="Include.h">
      <Filter>Headerdateien</Filter>
    </ClInclude>
    <ClInclude Include="DrawGraphics.h">
      <Filter>Headerdateien</Filter>
    </ClInclude>
    <ClInclude Include="Insertionsort.h">
      <Filter>Headerdateien</Filter>
    </ClInclude>
    <ClInclude Include="Selectionsort.h">
      <Filter>Headerdateien</Filter>
    </ClInclude>
    <ClInclude Include="Mergesort.h">
      <Filter>Headerdateien</Filter>
    </ClInclude>
    <ClInclude Include="Bogosort.h">
      <Filter>Headerdateien</Filter>
    </ClInclude>
    <ClInclude Include="Mountainsort.h">
      <Filter>Headerdateien</Filter>
    </ClInclude>
    <ClInclude Include="CrossXSort.h">
      <Filter>Headerdateien</Filter>
    </ClInclude>
  </ItemGroup>
</Project>